
Microsoft Visual Studio Solution File, Format Version 12.00
# Visual Studio Version 17
VisualStudioVersion = 17.5.33530.505
MinimumVisualStudioVersion = 10.0.40219.1
Project("{9A19103F-16F7-4668-BE54-9A1E7A4F7556}") = "E-Commerce Project", "E-Commerce Project\E-Commerce Project.csproj", "{3DB6A3FE-7BC6-4B25-A423-E722F4324460}"
EndProject
Global
	GlobalSection(SolutionConfigurationPlatforms) = preSolution
		Debug|Any CPU = Debug|Any CPU
		Release|Any CPU = Release|Any CPU
	EndGlobalSection
	GlobalSection(ProjectConfigurationPlatforms) = postSolution
		{3DB6A3FE-7BC6-4B25-A423-E722F4324460}.Debug|Any CPU.ActiveCfg = Debug|Any CPU
		{3DB6A3FE-7BC6-4B25-A423-E722F4324460}.Debug|Any CPU.Build.0 = Debug|Any CPU
		{3DB6A3FE-7BC6-4B25-A423-E722F4324460}.Release|Any CPU.ActiveCfg = Release|Any CPU
		{3DB6A3FE-7BC6-4B25-A423-E722F4324460}.Release|Any CPU.Build.0 = Release|Any CPU
	EndGlobalSection
	GlobalSection(SolutionProperties) = preSolution
		HideSolutionNode = FALSE
	EndGlobalSection
	GlobalSection(ExtensibilityGlobals) = postSolution
		SolutionGuid = {F72AC48E-DC53-4928-BCBF-76F6C9FBD423}
	EndGlobalSection
EndGlobal
